
Microsoft Visual Studio Solution File, Format Version 12.00
# Visual Studio Version 16
VisualStudioVersion = 16.0.31911.196
MinimumVisualStudioVersion = 10.0.40219.1
Project("{FAE04EC0-301F-11D3-BF4B-00C04F79EFBC}") = "Lottery_ConsoleApp", "Lottery_ConsoleApp.csproj", "{BD3B7FDB-FB64-4D23-A413-28BBD74EE7D0}"
EndProject
Global
	GlobalSection(SolutionConfigurationPlatforms) = preSolution
		Debug|Any CPU = Debug|Any CPU
		Release|Any CPU = Release|Any CPU
	EndGlobalSection
	GlobalSection(ProjectConfigurationPlatforms) = postSolution
		{BD3B7FDB-FB64-4D23-A413-28BBD74EE7D0}.Debug|Any CPU.ActiveCfg = Debug|Any CPU
		{BD3B7FDB-FB64-4D23-A413-28BBD74EE7D0}.Debug|Any CPU.Build.0 = Debug|Any CPU
		{BD3B7FDB-FB64-4D23-A413-28BBD74EE7D0}.Release|Any CPU.ActiveCfg = Release|Any CPU
		{BD3B7FDB-FB64-4D23-A413-28BBD74EE7D0}.Release|Any CPU.Build.0 = Release|Any CPU
	EndGlobalSection
	GlobalSection(SolutionProperties) = preSolution
		HideSolutionNode = FALSE
	EndGlobalSection
	GlobalSection(ExtensibilityGlobals) = postSolution
		SolutionGuid = {0F91BD97-A556-4E40-BC5B-A944422DE9C9}
	EndGlobalSection
EndGlobal
